// !$*UTF8*$!
{
	archiveVersion = 1;
	classes = {
	};
	objectVersion = 46;
	objects = {

/* Begin PBXBuildFile section */
		3C1936C11EBD26CB006D610E /* README.md in Sources */ = {isa = PBXBuildFile; fileRef = 3C1936BE1EBD26CB006D610E /* README.md */; };
		OBJ_23 /* AnyAs.swift in Sources */ = {isa = PBXBuildFile; fileRef = OBJ_8 /* AnyAs.swift */; };
		OBJ_24 /* Func.swift in Sources */ = {isa = PBXBuildFile; fileRef = OBJ_9 /* Func.swift */; };
		OBJ_25 /* Result.swift in Sources */ = {isa = PBXBuildFile; fileRef = OBJ_10 /* Result.swift */; };
		OBJ_32 /* FuncTests.swift in Sources */ = {isa = PBXBuildFile; fileRef = OBJ_13 /* FuncTests.swift */; };
		OBJ_33 /* ResultTests.swift in Sources */ = {isa = PBXBuildFile; fileRef = OBJ_14 /* ResultTests.swift */; };
		OBJ_35 /* SBCommons.framework in Frameworks */ = {isa = PBXBuildFile; fileRef = OBJ_16 /* SBCommons.framework */; };
/* End PBXBuildFile section */

/* Begin PBXContainerItemProxy section */
		3C1936AA1EBD21CB006D610E /* PBXContainerItemProxy */ = {
			isa = PBXContainerItemProxy;
			containerPortal = OBJ_1 /* Project object */;
			proxyType = 1;
			remoteGlobalIDString = OBJ_18;
			remoteInfo = SBCommons;
		};
/* End PBXContainerItemProxy section */

/* Begin PBXFileReference section */
		3C1936BC1EBD26CB006D610E /* LICENSE */ = {isa = PBXFileReference; fileEncoding = 4; lastKnownFileType = text; path = LICENSE; sourceTree = "<group>"; };
		3C1936BD1EBD26CB006D610E /* NOTICE */ = {isa = PBXFileReference; fileEncoding = 4; lastKnownFileType = text; path = NOTICE; sourceTree = "<group>"; };
		3C1936BE1EBD26CB006D610E /* README.md */ = {isa = PBXFileReference; fileEncoding = 4; lastKnownFileType = net.daringfireball.markdown; path = README.md; sourceTree = "<group>"; };
		3C1936BF1EBD26CB006D610E /* SBCommons.playground */ = {isa = PBXFileReference; lastKnownFileType = file.playground; path = SBCommons.playground; sourceTree = "<group>"; };
		3C1936C01EBD26CB006D610E /* SBCommons.podspec */ = {isa = PBXFileReference; fileEncoding = 4; lastKnownFileType = text; path = SBCommons.podspec; sourceTree = "<group>"; };
		OBJ_10 /* Result.swift */ = {isa = PBXFileReference; lastKnownFileType = sourcecode.swift; path = Result.swift; sourceTree = "<group>"; };
		OBJ_13 /* FuncTests.swift */ = {isa = PBXFileReference; lastKnownFileType = sourcecode.swift; path = FuncTests.swift; sourceTree = "<group>"; };
		OBJ_14 /* ResultTests.swift */ = {isa = PBXFileReference; lastKnownFileType = sourcecode.swift; path = ResultTests.swift; sourceTree = "<group>"; };
		OBJ_16 /* SBCommons.framework */ = {isa = PBXFileReference; explicitFileType = wrapper.framework; path = SBCommons.framework; sourceTree = BUILT_PRODUCTS_DIR; };
		OBJ_17 /* SBCommonsTests.xctest */ = {isa = PBXFileReference; lastKnownFileType = file; path = SBCommonsTests.xctest; sourceTree = BUILT_PRODUCTS_DIR; };
		OBJ_6 /* Package.swift */ = {isa = PBXFileReference; explicitFileType = sourcecode.swift; path = Package.swift; sourceTree = "<group>"; };
		OBJ_8 /* AnyAs.swift */ = {isa = PBXFileReference; lastKnownFileType = sourcecode.swift; path = AnyAs.swift; sourceTree = "<group>"; };
		OBJ_9 /* Func.swift */ = {isa = PBXFileReference; lastKnownFileType = sourcecode.swift; path = Func.swift; sourceTree = "<group>"; };
/* End PBXFileReference section */

/* Begin PBXFrameworksBuildPhase section */
		OBJ_26 /* Frameworks */ = {
			isa = PBXFrameworksBuildPhase;
			buildActionMask = 0;
			files = (
			);
			runOnlyForDeploymentPostprocessing = 0;
		};
		OBJ_34 /* Frameworks */ = {
			isa = PBXFrameworksBuildPhase;
			buildActionMask = 0;
			files = (
				OBJ_35 /* SBCommons.framework in Frameworks */,
			);
			runOnlyForDeploymentPostprocessing = 0;
		};
/* End PBXFrameworksBuildPhase section */

/* Begin PBXGroup section */
		3C1936BB1EBD26AE006D610E /* Share */ = {
			isa = PBXGroup;
			children = (
				3C1936BC1EBD26CB006D610E /* LICENSE */,
				3C1936BD1EBD26CB006D610E /* NOTICE */,
				3C1936BE1EBD26CB006D610E /* README.md */,
				3C1936C01EBD26CB006D610E /* SBCommons.podspec */,
			);
			name = Share;
			sourceTree = "<group>";
		};
		OBJ_11 /* Tests */ = {
			isa = PBXGroup;
			children = (
				OBJ_12 /* SBCommonsTests */,
			);
			name = Tests;
			sourceTree = SOURCE_ROOT;
		};
		OBJ_12 /* SBCommonsTests */ = {
			isa = PBXGroup;
			children = (
				OBJ_13 /* FuncTests.swift */,
				OBJ_14 /* ResultTests.swift */,
			);
			name = SBCommonsTests;
			path = Tests/SBCommonsTests;
			sourceTree = SOURCE_ROOT;
		};
		OBJ_15 /* Products */ = {
			isa = PBXGroup;
			children = (
				OBJ_16 /* SBCommons.framework */,
				OBJ_17 /* SBCommonsTests.xctest */,
			);
			name = Products;
			sourceTree = BUILT_PRODUCTS_DIR;
		};
		OBJ_5 /*  */ = {
			isa = PBXGroup;
			children = (
				OBJ_6 /* Package.swift */,
				3C1936BF1EBD26CB006D610E /* SBCommons.playground */,
				OBJ_7 /* Sources */,
				OBJ_11 /* Tests */,
				3C1936BB1EBD26AE006D610E /* Share */,
				OBJ_15 /* Products */,
			);
			name = "";
			sourceTree = "<group>";
		};
		OBJ_7 /* Sources */ = {
			isa = PBXGroup;
			children = (
				OBJ_8 /* AnyAs.swift */,
				OBJ_9 /* Func.swift */,
				OBJ_10 /* Result.swift */,
			);
			path = Sources;
			sourceTree = SOURCE_ROOT;
		};
/* End PBXGroup section */

/* Begin PBXNativeTarget section */
		OBJ_18 /* SBCommons */ = {
			isa = PBXNativeTarget;
			buildConfigurationList = OBJ_19 /* Build configuration list for PBXNativeTarget "SBCommons" */;
			buildPhases = (
				OBJ_22 /* Sources */,
				OBJ_26 /* Frameworks */,
			);
			buildRules = (
			);
			dependencies = (
			);
			name = SBCommons;
			productName = SBCommons;
			productReference = OBJ_16 /* SBCommons.framework */;
			productType = "com.apple.product-type.framework";
		};
		OBJ_27 /* SBCommonsTests */ = {
			isa = PBXNativeTarget;
			buildConfigurationList = OBJ_28 /* Build configuration list for PBXNativeTarget "SBCommonsTests" */;
			buildPhases = (
				OBJ_31 /* Sources */,
				OBJ_34 /* Frameworks */,
			);
			buildRules = (
			);
			dependencies = (
				OBJ_36 /* PBXTargetDependency */,
			);
			name = SBCommonsTests;
			productName = SBCommonsTests;
			productReference = OBJ_17 /* SBCommonsTests.xctest */;
			productType = "com.apple.product-type.bundle.unit-test";
		};
/* End PBXNativeTarget section */

/* Begin PBXProject section */
		OBJ_1 /* Project object */ = {
			isa = PBXProject;
			attributes = {
				LastUpgradeCheck = 9999;
			};
			buildConfigurationList = OBJ_2 /* Build configuration list for PBXProject "SBCommons" */;
			compatibilityVersion = "Xcode 3.2";
			developmentRegion = English;
			hasScannedForEncodings = 0;
			knownRegions = (
				en,
			);
			mainGroup = OBJ_5 /*  */;
			productRefGroup = OBJ_15 /* Products */;
			projectDirPath = "";
			projectRoot = "";
			targets = (
				OBJ_18 /* SBCommons */,
				OBJ_27 /* SBCommonsTests */,
			);
		};
/* End PBXProject section */

/* Begin PBXSourcesBuildPhase section */
		OBJ_22 /* Sources */ = {
			isa = PBXSourcesBuildPhase;
			buildActionMask = 0;
			files = (
				OBJ_23 /* AnyAs.swift in Sources */,
				OBJ_24 /* Func.swift in Sources */,
				3C1936C11EBD26CB006D610E /* README.md in Sources */,
				OBJ_25 /* Result.swift in Sources */,
			);
			runOnlyForDeploymentPostprocessing = 0;
		};
		OBJ_31 /* Sources */ = {
			isa = PBXSourcesBuildPhase;
			buildActionMask = 0;
			files = (
				OBJ_32 /* FuncTests.swift in Sources */,
				OBJ_33 /* ResultTests.swift in Sources */,
			);
			runOnlyForDeploymentPostprocessing = 0;
		};
/* End PBXSourcesBuildPhase section */

/* Begin PBXTargetDependency section */
		OBJ_36 /* PBXTargetDependency */ = {
			isa = PBXTargetDependency;
			target = OBJ_18 /* SBCommons */;
			targetProxy = 3C1936AA1EBD21CB006D610E /* PBXContainerItemProxy */;
		};
/* End PBXTargetDependency section */

/* Begin XCBuildConfiguration section */
		OBJ_20 /* Debug */ = {
			isa = XCBuildConfiguration;
			buildSettings = {
				ENABLE_TESTABILITY = YES;
				FRAMEWORK_SEARCH_PATHS = (
					"$(inherited)",
					"$(PLATFORM_DIR)/Developer/Library/Frameworks",
				);
				HEADER_SEARCH_PATHS = "$(inherited)";
				INFOPLIST_FILE = SBCommons.xcodeproj/SBCommons_Info.plist;
				LD_RUNPATH_SEARCH_PATHS = "$(TOOLCHAIN_DIR)/usr/lib/swift/macosx";
				OTHER_LDFLAGS = "$(inherited)";
				OTHER_SWIFT_FLAGS = "$(inherited)";
				PRODUCT_BUNDLE_IDENTIFIER = SBCommons;
				PRODUCT_MODULE_NAME = "$(TARGET_NAME:c99extidentifier)";
				PRODUCT_NAME = "$(TARGET_NAME:c99extidentifier)";
				SKIP_INSTALL = YES;
				TARGET_NAME = SBCommons;
			};
			name = Debug;
		};
		OBJ_21 /* Release */ = {
			isa = XCBuildConfiguration;
			buildSettings = {
				ENABLE_TESTABILITY = YES;
				FRAMEWORK_SEARCH_PATHS = (
					"$(inherited)",
					"$(PLATFORM_DIR)/Developer/Library/Frameworks",
				);
				HEADER_SEARCH_PATHS = "$(inherited)";
				INFOPLIST_FILE = SBCommons.xcodeproj/SBCommons_Info.plist;
				LD_RUNPATH_SEARCH_PATHS = "$(TOOLCHAIN_DIR)/usr/lib/swift/macosx";
				OTHER_LDFLAGS = "$(inherited)";
				OTHER_SWIFT_FLAGS = "$(inherited)";
				PRODUCT_BUNDLE_IDENTIFIER = SBCommons;
				PRODUCT_MODULE_NAME = "$(TARGET_NAME:c99extidentifier)";
				PRODUCT_NAME = "$(TARGET_NAME:c99extidentifier)";
				SKIP_INSTALL = YES;
				TARGET_NAME = SBCommons;
			};
			name = Release;
		};
		OBJ_29 /* Debug */ = {
			isa = XCBuildConfiguration;
			buildSettings = {
				EMBEDDED_CONTENT_CONTAINS_SWIFT = YES;
				FRAMEWORK_SEARCH_PATHS = (
					"$(inherited)",
					"$(PLATFORM_DIR)/Developer/Library/Frameworks",
				);
				HEADER_SEARCH_PATHS = "$(inherited)";
				INFOPLIST_FILE = SBCommons.xcodeproj/SBCommonsTests_Info.plist;
				LD_RUNPATH_SEARCH_PATHS = "@loader_path/../Frameworks @loader_path/Frameworks";
				OTHER_LDFLAGS = "$(inherited)";
				OTHER_SWIFT_FLAGS = "$(inherited)";
				TARGET_NAME = SBCommonsTests;
			};
			name = Debug;
		};
		OBJ_3 /* Debug */ = {
			isa = XCBuildConfiguration;
			buildSettings = {
				CLANG_ENABLE_OBJC_ARC = YES;
				COMBINE_HIDPI_IMAGES = YES;
				COPY_PHASE_STRIP = NO;
				DEBUG_INFORMATION_FORMAT = dwarf;
				DYLIB_INSTALL_NAME_BASE = "@rpath";
				ENABLE_NS_ASSERTIONS = YES;
				GCC_OPTIMIZATION_LEVEL = 0;
				MACOSX_DEPLOYMENT_TARGET = 10.10;
				ONLY_ACTIVE_ARCH = YES;
				OTHER_SWIFT_FLAGS = "-DXcode";
				PRODUCT_NAME = "$(TARGET_NAME)";
				SDKROOT = macosx;
				SUPPORTED_PLATFORMS = "macosx iphoneos iphonesimulator appletvos appletvsimulator watchos watchsimulator";
				SWIFT_ACTIVE_COMPILATION_CONDITIONS = SWIFT_PACKAGE;
				SWIFT_OPTIMIZATION_LEVEL = "-Onone";
				SWIFT_VERSION = 3.0;
				USE_HEADERMAP = NO;
			};
			name = Debug;
		};
		OBJ_30 /* Release */ = {
			isa = XCBuildConfiguration;
			buildSettings = {
				EMBEDDED_CONTENT_CONTAINS_SWIFT = YES;
				FRAMEWORK_SEARCH_PATHS = (
					"$(inherited)",
					"$(PLATFORM_DIR)/Developer/Library/Frameworks",
				);
				HEADER_SEARCH_PATHS = "$(inherited)";
				INFOPLIST_FILE = SBCommons.xcodeproj/SBCommonsTests_Info.plist;
				LD_RUNPATH_SEARCH_PATHS = "@loader_path/../Frameworks @loader_path/Frameworks";
				OTHER_LDFLAGS = "$(inherited)";
				OTHER_SWIFT_FLAGS = "$(inherited)";
				TARGET_NAME = SBCommonsTests;
			};
			name = Release;
		};
		OBJ_4 /* Release */ = {
			isa = XCBuildConfiguration;
			buildSettings = {
				CLANG_ENABLE_OBJC_ARC = YES;
				COMBINE_HIDPI_IMAGES = YES;
				COPY_PHASE_STRIP = YES;
				DEBUG_INFORMATION_FORMAT = "dwarf-with-dsym";
				DYLIB_INSTALL_NAME_BASE = "@rpath";
				GCC_OPTIMIZATION_LEVEL = s;
				MACOSX_DEPLOYMENT_TARGET = 10.10;
				OTHER_SWIFT_FLAGS = "-DXcode";
				PRODUCT_NAME = "$(TARGET_NAME)";
				SDKROOT = macosx;
				SUPPORTED_PLATFORMS = "macosx iphoneos iphonesimulator appletvos appletvsimulator watchos watchsimulator";
				SWIFT_ACTIVE_COMPILATION_CONDITIONS = SWIFT_PACKAGE;
				SWIFT_OPTIMIZATION_LEVEL = "-Owholemodule";
				SWIFT_VERSION = 3.0;
				USE_HEADERMAP = NO;
			};
			name = Release;
		};
/* End XCBuildConfiguration section */

/* Begin XCConfigurationList section */
		OBJ_19 /* Build configuration list for PBXNativeTarget "SBCommons" */ = {
			isa = XCConfigurationList;
			buildConfigurations = (
				OBJ_20 /* Debug */,
				OBJ_21 /* Release */,
			);
			defaultConfigurationIsVisible = 0;
			defaultConfigurationName = Debug;
		};
		OBJ_2 /* Build configuration list for PBXProject "SBCommons" */ = {
			isa = XCConfigurationList;
			buildConfigurations = (
				OBJ_3 /* Debug */,
				OBJ_4 /* Release */,
			);
			defaultConfigurationIsVisible = 0;
			defaultConfigurationName = Debug;
		};
		OBJ_28 /* Build configuration list for PBXNativeTarget "SBCommonsTests" */ = {
			isa = XCConfigurationList;
			buildConfigurations = (
				OBJ_29 /* Debug */,
				OBJ_30 /* Release */,
			);
			defaultConfigurationIsVisible = 0;
			defaultConfigurationName = Debug;
		};
/* End XCConfigurationList section */
	};
	rootObject = OBJ_1 /* Project object */;
}
